
Microsoft Visual Studio Solution File, Format Version 12.00
# Visual Studio Version 17
VisualStudioVersion = 17.9.34714.143
MinimumVisualStudioVersion = 10.0.40219.1
Project("{FAE04EC0-301F-11D3-BF4B-00C04F79EFBC}") = "UserSecrets", "UserSecrets\UserSecrets.csproj", "{BAAD44CB-38EC-4645-80D0-EE9F62C74380}"
EndProject
Global
	GlobalSection(SolutionConfigurationPlatforms) = preSolution
		Debug|Any CPU = Debug|Any CPU
		Release|Any CPU = Release|Any CPU
	EndGlobalSection
	GlobalSection(ProjectConfigurationPlatforms) = postSolution
		{BAAD44CB-38EC-4645-80D0-EE9F62C74380}.Debug|Any CPU.ActiveCfg = Debug|Any CPU
		{BAAD44CB-38EC-4645-80D0-EE9F62C74380}.Debug|Any CPU.Build.0 = Debug|Any CPU
		{BAAD44CB-38EC-4645-80D0-EE9F62C74380}.Release|Any CPU.ActiveCfg = Release|Any CPU
		{BAAD44CB-38EC-4645-80D0-EE9F62C74380}.Release|Any CPU.Build.0 = Release|Any CPU
	EndGlobalSection
	GlobalSection(SolutionProperties) = preSolution
		HideSolutionNode = FALSE
	EndGlobalSection
	GlobalSection(ExtensibilityGlobals) = postSolution
		SolutionGuid = {B5DAC7DE-7452-423B-A2A3-95B21E48D096}
	EndGlobalSection
EndGlobal
